// !$*UTF8*$!
{
	archiveVersion = 1;
	classes = {
	};
	objectVersion = 46;
	objects = {

/* Begin PBXBuildFile section */
		AA0F870D14161E7B0005A176 /* CBUIActivityView.h in Headers */ = {isa = PBXBuildFile; fileRef = AAE5532913C351E90011DD4D /* CBUIActivityView.h */; settings = {ATTRIBUTES = (Public, ); }; };
		AA19FDD912FAECAF000306DB /* CBUIGlobal.m in Sources */ = {isa = PBXBuildFile; fileRef = AA19FDBD12FAECAF000306DB /* CBUIGlobal.m */; };
		AA19FDDA12FAECAF000306DB /* CBUIGlobal.h in Headers */ = {isa = PBXBuildFile; fileRef = AA19FDBE12FAECAF000306DB /* CBUIGlobal.h */; settings = {ATTRIBUTES = (Public, ); }; };
		AA19FDDB12FAECAF000306DB /* CBUIImagePagingScrollView.h in Headers */ = {isa = PBXBuildFile; fileRef = AA19FDC012FAECAF000306DB /* CBUIImagePagingScrollView.h */; settings = {ATTRIBUTES = (Public, ); }; };
		AA19FDDC12FAECAF000306DB /* CBUIImagePagingScrollView.m in Sources */ = {isa = PBXBuildFile; fileRef = AA19FDC112FAECAF000306DB /* CBUIImagePagingScrollView.m */; };
		AA19FDDD12FAECAF000306DB /* CBUISlideshowImagesPagingScrollView.h in Headers */ = {isa = PBXBuildFile; fileRef = AA19FDC212FAECAF000306DB /* CBUISlideshowImagesPagingScrollView.h */; settings = {ATTRIBUTES = (Public, ); }; };
		AA19FDDE12FAECAF000306DB /* CBUISlideshowImagesPagingScrollView.m in Sources */ = {isa = PBXBuildFile; fileRef = AA19FDC312FAECAF000306DB /* CBUISlideshowImagesPagingScrollView.m */; };
		AA19FDDF12FAECAF000306DB /* CBUIGridView.h in Headers */ = {isa = PBXBuildFile; fileRef = AA19FDC512FAECAF000306DB /* CBUIGridView.h */; settings = {ATTRIBUTES = (Public, ); }; };
		AA19FDE012FAECAF000306DB /* CBUIGridView.m in Sources */ = {isa = PBXBuildFile; fileRef = AA19FDC612FAECAF000306DB /* CBUIGridView.m */; };
		AA19FDE112FAECAF000306DB /* CBUIGridViewDataSource.h in Headers */ = {isa = PBXBuildFile; fileRef = AA19FDC712FAECAF000306DB /* CBUIGridViewDataSource.h */; settings = {ATTRIBUTES = (Public, ); }; };
		AA19FDE212FAECAF000306DB /* CBUIGridViewDataSource.m in Sources */ = {isa = PBXBuildFile; fileRef = AA19FDC812FAECAF000306DB /* CBUIGridViewDataSource.m */; };
		AA19FDE312FAECAF000306DB /* CBUIGridViewFetchRequestDataSource.h in Headers */ = {isa = PBXBuildFile; fileRef = AA19FDC912FAECAF000306DB /* CBUIGridViewFetchRequestDataSource.h */; settings = {ATTRIBUTES = (Public, ); }; };
		AA19FDE412FAECAF000306DB /* CBUIGridViewFetchRequestDataSource.m in Sources */ = {isa = PBXBuildFile; fileRef = AA19FDCA12FAECAF000306DB /* CBUIGridViewFetchRequestDataSource.m */; };
		AA19FDE512FAECAF000306DB /* CBUITableViewCellFactory.h in Headers */ = {isa = PBXBuildFile; fileRef = AA19FDCD12FAECAF000306DB /* CBUITableViewCellFactory.h */; settings = {ATTRIBUTES = (Public, ); }; };
		AA19FDE612FAECAF000306DB /* CBUITableViewCellFactory.m in Sources */ = {isa = PBXBuildFile; fileRef = AA19FDCE12FAECAF000306DB /* CBUITableViewCellFactory.m */; };
		AA19FDE712FAECAF000306DB /* CBUITableViewDataSource.h in Headers */ = {isa = PBXBuildFile; fileRef = AA19FDCF12FAECAF000306DB /* CBUITableViewDataSource.h */; settings = {ATTRIBUTES = (Public, ); }; };
		AA19FDE812FAECAF000306DB /* CBUITableViewDataSource.m in Sources */ = {isa = PBXBuildFile; fileRef = AA19FDD012FAECAF000306DB /* CBUITableViewDataSource.m */; };
		AA19FDE912FAECAF000306DB /* CBUIFetchResultsDataSource.h in Headers */ = {isa = PBXBuildFile; fileRef = AA19FDD112FAECAF000306DB /* CBUIFetchResultsDataSource.h */; settings = {ATTRIBUTES = (Public, ); }; };
		AA19FDEA12FAECAF000306DB /* CBUIFetchResultsDataSource.m in Sources */ = {isa = PBXBuildFile; fileRef = AA19FDD212FAECAF000306DB /* CBUIFetchResultsDataSource.m */; };
		AA19FDEB12FAECAF000306DB /* CBUITabView.h in Headers */ = {isa = PBXBuildFile; fileRef = AA19FDD312FAECAF000306DB /* CBUITabView.h */; settings = {ATTRIBUTES = (Public, ); }; };
		AA19FDEC12FAECAF000306DB /* CBUITabView.m in Sources */ = {isa = PBXBuildFile; fileRef = AA19FDD412FAECAF000306DB /* CBUITabView.m */; };
		AA19FDED12FAECAF000306DB /* CBUIPanelView.h in Headers */ = {isa = PBXBuildFile; fileRef = AA19FDD512FAECAF000306DB /* CBUIPanelView.h */; settings = {ATTRIBUTES = (Public, ); }; };
		AA19FDEE12FAECAF000306DB /* CBUIPanelView.m in Sources */ = {isa = PBXBuildFile; fileRef = AA19FDD612FAECAF000306DB /* CBUIPanelView.m */; };
		AA19FDEF12FAECAF000306DB /* CBUIDisclosureTriangle.h in Headers */ = {isa = PBXBuildFile; fileRef = AA19FDD712FAECAF000306DB /* CBUIDisclosureTriangle.h */; settings = {ATTRIBUTES = (Public, ); }; };
		AA19FDF012FAECAF000306DB /* CBUIDisclosureTriangle.m in Sources */ = {isa = PBXBuildFile; fileRef = AA19FDD812FAECAF000306DB /* CBUIDisclosureTriangle.m */; };
		AA19FDF812FAED4B000306DB /* CoreData.framework in Frameworks */ = {isa = PBXBuildFile; fileRef = AA19FDF712FAED4B000306DB /* CoreData.framework */; };
		AA1FDD351469D24D006D2B2B /* CBUISpringLayoutView.h in Headers */ = {isa = PBXBuildFile; fileRef = AA1FDD331469D24D006D2B2B /* CBUISpringLayoutView.h */; };
		AA1FDD361469D24D006D2B2B /* CBUISpringLayoutView.m in Sources */ = {isa = PBXBuildFile; fileRef = AA1FDD341469D24D006D2B2B /* CBUISpringLayoutView.m */; };
		AA1FDD3A1469D280006D2B2B /* CBUISpring.h in Headers */ = {isa = PBXBuildFile; fileRef = AA1FDD381469D27F006D2B2B /* CBUISpring.h */; };
		AA1FDD3B1469D280006D2B2B /* CBUISpring.m in Sources */ = {isa = PBXBuildFile; fileRef = AA1FDD391469D27F006D2B2B /* CBUISpring.m */; };
		AA54982A14C4168200219135 /* CBUITableViewCells.h in Sources */ = {isa = PBXBuildFile; fileRef = AA54982814C4168200219135 /* CBUITableViewCells.h */; };
		AA54982B14C4168200219135 /* CBUITableViewCells.m in Sources */ = {isa = PBXBuildFile; fileRef = AA54982914C4168200219135 /* CBUITableViewCells.m */; };
		AA54982D14C4184B00219135 /* CBUITableViewCells.h in Headers */ = {isa = PBXBuildFile; fileRef = AA54982814C4168200219135 /* CBUITableViewCells.h */; settings = {ATTRIBUTES = (Public, ); }; };
		AA78537F1456A92800598FEF /* SafeFetchedResultsController.h in Headers */ = {isa = PBXBuildFile; fileRef = AA7A215B1442F481000FD1A1 /* SafeFetchedResultsController.h */; settings = {ATTRIBUTES = (Public, ); }; };
		AA7944671487FD56004F05E2 /* CBUIFetchResultsReorderDataSource.h in Headers */ = {isa = PBXBuildFile; fileRef = AA7944651487FD56004F05E2 /* CBUIFetchResultsReorderDataSource.h */; settings = {ATTRIBUTES = (Public, ); }; };
		AA7944681487FD56004F05E2 /* CBUIFetchResultsReorderDataSource.m in Sources */ = {isa = PBXBuildFile; fileRef = AA7944661487FD56004F05E2 /* CBUIFetchResultsReorderDataSource.m */; };
		AA7A215E1442F481000FD1A1 /* SafeFetchedResultsController.m in Sources */ = {isa = PBXBuildFile; fileRef = AA7A215C1442F481000FD1A1 /* SafeFetchedResultsController.m */; };
		AA7DC0A713BA0B350069CC3A /* CBUIAttributedLabel.h in Headers */ = {isa = PBXBuildFile; fileRef = AA7DC0A513BA0B350069CC3A /* CBUIAttributedLabel.h */; settings = {ATTRIBUTES = (Public, ); }; };
		AA7DC0A813BA0B350069CC3A /* CBUIAttributedLabel.m in Sources */ = {isa = PBXBuildFile; fileRef = AA7DC0A613BA0B350069CC3A /* CBUIAttributedLabel.m */; };
		AA7DC0AF13BA1C0A0069CC3A /* CBNSAttributedString+DokuWiki.h in Headers */ = {isa = PBXBuildFile; fileRef = AA7DC0AD13BA1C0A0069CC3A /* CBNSAttributedString+DokuWiki.h */; settings = {ATTRIBUTES = (Public, ); }; };
		AA7DC0B013BA1C0A0069CC3A /* CBNSAttributedString+DokuWiki.m in Sources */ = {isa = PBXBuildFile; fileRef = AA7DC0AE13BA1C0A0069CC3A /* CBNSAttributedString+DokuWiki.m */; };
		AA846A01146BC47B0038F3D5 /* CBUIHorizontalLayoutView.m in Sources */ = {isa = PBXBuildFile; fileRef = AA8469FF146BC47B0038F3D5 /* CBUIHorizontalLayoutView.m */; };
		AA846A03146BC9650038F3D5 /* CBUIHorizontalLayoutView.h in Headers */ = {isa = PBXBuildFile; fileRef = AA8469FE146BC47B0038F3D5 /* CBUIHorizontalLayoutView.h */; settings = {ATTRIBUTES = (Public, ); }; };
		AA8B7AB8146A638B009940AE /* CBUIVerticalLayoutView.m in Sources */ = {isa = PBXBuildFile; fileRef = AA8B7AB6146A638B009940AE /* CBUIVerticalLayoutView.m */; };
		AA8B7AB9146A7561009940AE /* CBUIVerticalLayoutView.h in Headers */ = {isa = PBXBuildFile; fileRef = AA8B7AB5146A638B009940AE /* CBUIVerticalLayoutView.h */; settings = {ATTRIBUTES = (Public, ); }; };
		AA943C9A145020A900912E34 /* NSObject+CBBinding.h in Headers */ = {isa = PBXBuildFile; fileRef = AA943C98145020A900912E34 /* NSObject+CBBinding.h */; settings = {ATTRIBUTES = (Public, ); }; };
		AA943C9B145020A900912E34 /* NSObject+CBBinding.m in Sources */ = {isa = PBXBuildFile; fileRef = AA943C99145020A900912E34 /* NSObject+CBBinding.m */; };
		AA95A73313E9BEF9003B77C4 /* CBUIAlertViewController.h in Headers */ = {isa = PBXBuildFile; fileRef = AA95A73113E9BEF9003B77C4 /* CBUIAlertViewController.h */; settings = {ATTRIBUTES = (Public, ); }; };
		AA95A73413E9BEF9003B77C4 /* CBUIAlertViewController.m in Sources */ = {isa = PBXBuildFile; fileRef = AA95A73213E9BEF9003B77C4 /* CBUIAlertViewController.m */; };
		AAA0E77414223523000476B6 /* CBUICircularProgressView.m in Sources */ = {isa = PBXBuildFile; fileRef = AAA0E77214223523000476B6 /* CBUICircularProgressView.m */; };
		AAA0E776142239F8000476B6 /* CBUICircularProgressView.h in Headers */ = {isa = PBXBuildFile; fileRef = AAA0E77114223523000476B6 /* CBUICircularProgressView.h */; settings = {ATTRIBUTES = (Public, ); }; };
		AAB2EF7513B87DC3004A1C64 /* CBUIKit.h in Headers */ = {isa = PBXBuildFile; fileRef = AAB2EF7213B8776A004A1C64 /* CBUIKit.h */; settings = {ATTRIBUTES = (Public, ); }; };
		AACBBE4A0F95108600F1A2B1 /* Foundation.framework in Frameworks */ = {isa = PBXBuildFile; fileRef = AACBBE490F95108600F1A2B1 /* Foundation.framework */; };
		AAE527F7132668550026317D /* CBUITableViewController.h in Headers */ = {isa = PBXBuildFile; fileRef = AAE527F5132668550026317D /* CBUITableViewController.h */; settings = {ATTRIBUTES = (Public, ); }; };
		AAE527F8132668550026317D /* CBUITableViewController.m in Sources */ = {isa = PBXBuildFile; fileRef = AAE527F6132668550026317D /* CBUITableViewController.m */; };
		AAE528021326688E0026317D /* CBUIViewController.h in Headers */ = {isa = PBXBuildFile; fileRef = AAE528001326688E0026317D /* CBUIViewController.h */; settings = {ATTRIBUTES = (Public, ); }; };
		AAE528031326688E0026317D /* CBUIViewController.m in Sources */ = {isa = PBXBuildFile; fileRef = AAE528011326688E0026317D /* CBUIViewController.m */; };
		AAE52B8113279DAD0026317D /* UIDevice+Machine.h in Headers */ = {isa = PBXBuildFile; fileRef = AAE52B7F13279DAD0026317D /* UIDevice+Machine.h */; settings = {ATTRIBUTES = (Public, ); }; };
		AAE52B8213279DAD0026317D /* UIDevice+Machine.m in Sources */ = {isa = PBXBuildFile; fileRef = AAE52B8013279DAD0026317D /* UIDevice+Machine.m */; };
		AAE5532C13C351E90011DD4D /* CBUIActivityView.m in Sources */ = {isa = PBXBuildFile; fileRef = AAE5532A13C351E90011DD4D /* CBUIActivityView.m */; };
		AAE7414114757AC400E71161 /* UIView+CBUIKit.m in Sources */ = {isa = PBXBuildFile; fileRef = AAE7413F14757AC400E71161 /* UIView+CBUIKit.m */; };
		AAE7414214757B3600E71161 /* UIView+CBUIKit.h in Headers */ = {isa = PBXBuildFile; fileRef = AAE7413E14757AC400E71161 /* UIView+CBUIKit.h */; settings = {ATTRIBUTES = (Public, ); }; };
		AAE77FE913CAEDE8006D65BE /* UIGestureRecognizer+Blocks.m in Sources */ = {isa = PBXBuildFile; fileRef = AAE77FE713CAEDE8006D65BE /* UIGestureRecognizer+Blocks.m */; };
		AAE77FFE13CAF0E5006D65BE /* UIGestureRecognizer+Blocks.h in Headers */ = {isa = PBXBuildFile; fileRef = AAE77FE613CAEDE8006D65BE /* UIGestureRecognizer+Blocks.h */; settings = {ATTRIBUTES = (Public, ); }; };
		AAED5FBC13C4511B005DD099 /* CBUIActionSheetController.h in Headers */ = {isa = PBXBuildFile; fileRef = AAED5FBA13C4511B005DD099 /* CBUIActionSheetController.h */; settings = {ATTRIBUTES = (Public, ); }; };
		AAED5FBD13C4511B005DD099 /* CBUIActionSheetController.m in Sources */ = {isa = PBXBuildFile; fileRef = AAED5FBB13C4511B005DD099 /* CBUIActionSheetController.m */; };
/* End PBXBuildFile section */

/* Begin PBXFileReference section */
		AA19FDBD12FAECAF000306DB /* CBUIGlobal.m */ = {isa = PBXFileReference; fileEncoding = 4; lastKnownFileType = sourcecode.c.objc; path = CBUIGlobal.m; sourceTree = "<group>"; };
		AA19FDBE12FAECAF000306DB /* CBUIGlobal.h */ = {isa = PBXFileReference; fileEncoding = 4; lastKnownFileType = sourcecode.c.h; path = CBUIGlobal.h; sourceTree = "<group>"; };
		AA19FDC012FAECAF000306DB /* CBUIImagePagingScrollView.h */ = {isa = PBXFileReference; fileEncoding = 4; lastKnownFileType = sourcecode.c.h; path = CBUIImagePagingScrollView.h; sourceTree = "<group>"; };
		AA19FDC112FAECAF000306DB /* CBUIImagePagingScrollView.m */ = {isa = PBXFileReference; fileEncoding = 4; lastKnownFileType = sourcecode.c.objc; path = CBUIImagePagingScrollView.m; sourceTree = "<group>"; };
		AA19FDC212FAECAF000306DB /* CBUISlideshowImagesPagingScrollView.h */ = {isa = PBXFileReference; fileEncoding = 4; lastKnownFileType = sourcecode.c.h; path = CBUISlideshowImagesPagingScrollView.h; sourceTree = "<group>"; };
		AA19FDC312FAECAF000306DB /* CBUISlideshowImagesPagingScrollView.m */ = {isa = PBXFileReference; fileEncoding = 4; lastKnownFileType = sourcecode.c.objc; path = CBUISlideshowImagesPagingScrollView.m; sourceTree = "<group>"; };
		AA19FDC512FAECAF000306DB /* CBUIGridView.h */ = {isa = PBXFileReference; fileEncoding = 4; lastKnownFileType = sourcecode.c.h; path = CBUIGridView.h; sourceTree = "<group>"; };
		AA19FDC612FAECAF000306DB /* CBUIGridView.m */ = {isa = PBXFileReference; fileEncoding = 4; lastKnownFileType = sourcecode.c.objc; path = CBUIGridView.m; sourceTree = "<group>"; };
		AA19FDC712FAECAF000306DB /* CBUIGridViewDataSource.h */ = {isa = PBXFileReference; fileEncoding = 4; lastKnownFileType = sourcecode.c.h; path = CBUIGridViewDataSource.h; sourceTree = "<group>"; };
		AA19FDC812FAECAF000306DB /* CBUIGridViewDataSource.m */ = {isa = PBXFileReference; fileEncoding = 4; lastKnownFileType = sourcecode.c.objc; path = CBUIGridViewDataSource.m; sourceTree = "<group>"; };
		AA19FDC912FAECAF000306DB /* CBUIGridViewFetchRequestDataSource.h */ = {isa = PBXFileReference; fileEncoding = 4; lastKnownFileType = sourcecode.c.h; path = CBUIGridViewFetchRequestDataSource.h; sourceTree = "<group>"; };
		AA19FDCA12FAECAF000306DB /* CBUIGridViewFetchRequestDataSource.m */ = {isa = PBXFileReference; fileEncoding = 4; lastKnownFileType = sourcecode.c.objc; path = CBUIGridViewFetchRequestDataSource.m; sourceTree = "<group>"; };
		AA19FDCD12FAECAF000306DB /* CBUITableViewCellFactory.h */ = {isa = PBXFileReference; fileEncoding = 4; lastKnownFileType = sourcecode.c.h; path = CBUITableViewCellFactory.h; sourceTree = "<group>"; };
		AA19FDCE12FAECAF000306DB /* CBUITableViewCellFactory.m */ = {isa = PBXFileReference; fileEncoding = 4; lastKnownFileType = sourcecode.c.objc; path = CBUITableViewCellFactory.m; sourceTree = "<group>"; };
		AA19FDCF12FAECAF000306DB /* CBUITableViewDataSource.h */ = {isa = PBXFileReference; fileEncoding = 4; lastKnownFileType = sourcecode.c.h; path = CBUITableViewDataSource.h; sourceTree = "<group>"; };
		AA19FDD012FAECAF000306DB /* CBUITableViewDataSource.m */ = {isa = PBXFileReference; fileEncoding = 4; lastKnownFileType = sourcecode.c.objc; path = CBUITableViewDataSource.m; sourceTree = "<group>"; };
		AA19FDD112FAECAF000306DB /* CBUIFetchResultsDataSource.h */ = {isa = PBXFileReference; fileEncoding = 4; lastKnownFileType = sourcecode.c.h; path = CBUIFetchResultsDataSource.h; sourceTree = "<group>"; };
		AA19FDD212FAECAF000306DB /* CBUIFetchResultsDataSource.m */ = {isa = PBXFileReference; fileEncoding = 4; lastKnownFileType = sourcecode.c.objc; path = CBUIFetchResultsDataSource.m; sourceTree = "<group>"; };
		AA19FDD312FAECAF000306DB /* CBUITabView.h */ = {isa = PBXFileReference; fileEncoding = 4; lastKnownFileType = sourcecode.c.h; path = CBUITabView.h; sourceTree = "<group>"; };
		AA19FDD412FAECAF000306DB /* CBUITabView.m */ = {isa = PBXFileReference; fileEncoding = 4; lastKnownFileType = sourcecode.c.objc; path = CBUITabView.m; sourceTree = "<group>"; };
		AA19FDD512FAECAF000306DB /* CBUIPanelView.h */ = {isa = PBXFileReference; fileEncoding = 4; lastKnownFileType = sourcecode.c.h; path = CBUIPanelView.h; sourceTree = "<group>"; };
		AA19FDD612FAECAF000306DB /* CBUIPanelView.m */ = {isa = PBXFileReference; fileEncoding = 4; lastKnownFileType = sourcecode.c.objc; path = CBUIPanelView.m; sourceTree = "<group>"; };
		AA19FDD712FAECAF000306DB /* CBUIDisclosureTriangle.h */ = {isa = PBXFileReference; fileEncoding = 4; lastKnownFileType = sourcecode.c.h; path = CBUIDisclosureTriangle.h; sourceTree = "<group>"; };
		AA19FDD812FAECAF000306DB /* CBUIDisclosureTriangle.m */ = {isa = PBXFileReference; fileEncoding = 4; lastKnownFileType = sourcecode.c.objc; path = CBUIDisclosureTriangle.m; sourceTree = "<group>"; };
		AA19FDF712FAED4B000306DB /* CoreData.framework */ = {isa = PBXFileReference; lastKnownFileType = wrapper.framework; name = CoreData.framework; path = System/Library/Frameworks/CoreData.framework; sourceTree = SDKROOT; };
		AA1FDD331469D24D006D2B2B /* CBUISpringLayoutView.h */ = {isa = PBXFileReference; fileEncoding = 4; lastKnownFileType = sourcecode.c.h; path = CBUISpringLayoutView.h; sourceTree = "<group>"; };
		AA1FDD341469D24D006D2B2B /* CBUISpringLayoutView.m */ = {isa = PBXFileReference; fileEncoding = 4; lastKnownFileType = sourcecode.c.objc; path = CBUISpringLayoutView.m; sourceTree = "<group>"; };
		AA1FDD381469D27F006D2B2B /* CBUISpring.h */ = {isa = PBXFileReference; fileEncoding = 4; lastKnownFileType = sourcecode.c.h; path = CBUISpring.h; sourceTree = "<group>"; };
		AA1FDD391469D27F006D2B2B /* CBUISpring.m */ = {isa = PBXFileReference; fileEncoding = 4; lastKnownFileType = sourcecode.c.objc; path = CBUISpring.m; sourceTree = "<group>"; };
		AA54982814C4168200219135 /* CBUITableViewCells.h */ = {isa = PBXFileReference; fileEncoding = 4; lastKnownFileType = sourcecode.objj.h; path = CBUITableViewCells.h; sourceTree = "<group>"; };
		AA54982914C4168200219135 /* CBUITableViewCells.m */ = {isa = PBXFileReference; fileEncoding = 4; lastKnownFileType = sourcecode.c.objc; path = CBUITableViewCells.m; sourceTree = "<group>"; };
		AA747D9E0F9514B9006C5449 /* CBUIKit_Prefix.pch */ = {isa = PBXFileReference; fileEncoding = 4; lastKnownFileType = sourcecode.c.h; path = CBUIKit_Prefix.pch; sourceTree = SOURCE_ROOT; };
		AA7944651487FD56004F05E2 /* CBUIFetchResultsReorderDataSource.h */ = {isa = PBXFileReference; fileEncoding = 4; lastKnownFileType = sourcecode.c.h; path = CBUIFetchResultsReorderDataSource.h; sourceTree = "<group>"; };
		AA7944661487FD56004F05E2 /* CBUIFetchResultsReorderDataSource.m */ = {isa = PBXFileReference; fileEncoding = 4; lastKnownFileType = sourcecode.c.objc; path = CBUIFetchResultsReorderDataSource.m; sourceTree = "<group>"; };
		AA7A215B1442F481000FD1A1 /* SafeFetchedResultsController.h */ = {isa = PBXFileReference; fileEncoding = 4; lastKnownFileType = sourcecode.objj.h; path = SafeFetchedResultsController.h; sourceTree = "<group>"; };
		AA7A215C1442F481000FD1A1 /* SafeFetchedResultsController.m */ = {isa = PBXFileReference; fileEncoding = 4; lastKnownFileType = sourcecode.c.objc; path = SafeFetchedResultsController.m; sourceTree = "<group>"; };
		AA7DC0A513BA0B350069CC3A /* CBUIAttributedLabel.h */ = {isa = PBXFileReference; fileEncoding = 4; lastKnownFileType = sourcecode.c.h; path = CBUIAttributedLabel.h; sourceTree = "<group>"; };
		AA7DC0A613BA0B350069CC3A /* CBUIAttributedLabel.m */ = {isa = PBXFileReference; fileEncoding = 4; lastKnownFileType = sourcecode.c.objc; path = CBUIAttributedLabel.m; sourceTree = "<group>"; };
		AA7DC0AD13BA1C0A0069CC3A /* CBNSAttributedString+DokuWiki.h */ = {isa = PBXFileReference; fileEncoding = 4; lastKnownFileType = sourcecode.c.h; path = "CBNSAttributedString+DokuWiki.h"; sourceTree = "<group>"; };
		AA7DC0AE13BA1C0A0069CC3A /* CBNSAttributedString+DokuWiki.m */ = {isa = PBXFileReference; fileEncoding = 4; lastKnownFileType = sourcecode.c.objc; path = "CBNSAttributedString+DokuWiki.m"; sourceTree = "<group>"; };
		AA8469FE146BC47B0038F3D5 /* CBUIHorizontalLayoutView.h */ = {isa = PBXFileReference; fileEncoding = 4; lastKnownFileType = sourcecode.objj.h; path = CBUIHorizontalLayoutView.h; sourceTree = "<group>"; };
		AA8469FF146BC47B0038F3D5 /* CBUIHorizontalLayoutView.m */ = {isa = PBXFileReference; fileEncoding = 4; lastKnownFileType = sourcecode.c.objc; path = CBUIHorizontalLayoutView.m; sourceTree = "<group>"; };
		AA8B7AB5146A638B009940AE /* CBUIVerticalLayoutView.h */ = {isa = PBXFileReference; fileEncoding = 4; lastKnownFileType = sourcecode.objj.h; path = CBUIVerticalLayoutView.h; sourceTree = "<group>"; };
		AA8B7AB6146A638B009940AE /* CBUIVerticalLayoutView.m */ = {isa = PBXFileReference; fileEncoding = 4; lastKnownFileType = sourcecode.c.objc; path = CBUIVerticalLayoutView.m; sourceTree = "<group>"; };
		AA943C98145020A900912E34 /* NSObject+CBBinding.h */ = {isa = PBXFileReference; fileEncoding = 4; lastKnownFileType = sourcecode.c.h; path = "NSObject+CBBinding.h"; sourceTree = "<group>"; };
		AA943C99145020A900912E34 /* NSObject+CBBinding.m */ = {isa = PBXFileReference; fileEncoding = 4; lastKnownFileType = sourcecode.c.objc; path = "NSObject+CBBinding.m"; sourceTree = "<group>"; };
		AA95A73113E9BEF9003B77C4 /* CBUIAlertViewController.h */ = {isa = PBXFileReference; fileEncoding = 4; lastKnownFileType = sourcecode.c.h; path = CBUIAlertViewController.h; sourceTree = "<group>"; };
		AA95A73213E9BEF9003B77C4 /* CBUIAlertViewController.m */ = {isa = PBXFileReference; fileEncoding = 4; lastKnownFileType = sourcecode.c.objc; path = CBUIAlertViewController.m; sourceTree = "<group>"; };
		AAA0E77114223523000476B6 /* CBUICircularProgressView.h */ = {isa = PBXFileReference; fileEncoding = 4; lastKnownFileType = sourcecode.objj.h; path = CBUICircularProgressView.h; sourceTree = "<group>"; };
		AAA0E77214223523000476B6 /* CBUICircularProgressView.m */ = {isa = PBXFileReference; fileEncoding = 4; lastKnownFileType = sourcecode.c.objc; path = CBUICircularProgressView.m; sourceTree = "<group>"; };
		AAB2EF7213B8776A004A1C64 /* CBUIKit.h */ = {isa = PBXFileReference; fileEncoding = 4; lastKnownFileType = sourcecode.objj.h; path = CBUIKit.h; sourceTree = "<group>"; };
		AACBBE490F95108600F1A2B1 /* Foundation.framework */ = {isa = PBXFileReference; lastKnownFileType = wrapper.framework; name = Foundation.framework; path = System/Library/Frameworks/Foundation.framework; sourceTree = SDKROOT; };
		AAE527F5132668550026317D /* CBUITableViewController.h */ = {isa = PBXFileReference; fileEncoding = 4; lastKnownFileType = sourcecode.c.h; path = CBUITableViewController.h; sourceTree = "<group>"; };
		AAE527F6132668550026317D /* CBUITableViewController.m */ = {isa = PBXFileReference; fileEncoding = 4; lastKnownFileType = sourcecode.c.objc; path = CBUITableViewController.m; sourceTree = "<group>"; };
		AAE528001326688E0026317D /* CBUIViewController.h */ = {isa = PBXFileReference; fileEncoding = 4; lastKnownFileType = sourcecode.c.h; path = CBUIViewController.h; sourceTree = "<group>"; };
		AAE528011326688E0026317D /* CBUIViewController.m */ = {isa = PBXFileReference; fileEncoding = 4; lastKnownFileType = sourcecode.c.objc; path = CBUIViewController.m; sourceTree = "<group>"; };
		AAE52B7F13279DAD0026317D /* UIDevice+Machine.h */ = {isa = PBXFileReference; fileEncoding = 4; lastKnownFileType = sourcecode.c.h; path = "UIDevice+Machine.h"; sourceTree = "<group>"; };
		AAE52B8013279DAD0026317D /* UIDevice+Machine.m */ = {isa = PBXFileReference; fileEncoding = 4; lastKnownFileType = sourcecode.c.objc; path = "UIDevice+Machine.m"; sourceTree = "<group>"; };
		AAE5532913C351E90011DD4D /* CBUIActivityView.h */ = {isa = PBXFileReference; fileEncoding = 4; lastKnownFileType = sourcecode.objj.h; path = CBUIActivityView.h; sourceTree = "<group>"; };
		AAE5532A13C351E90011DD4D /* CBUIActivityView.m */ = {isa = PBXFileReference; fileEncoding = 4; lastKnownFileType = sourcecode.c.objc; path = CBUIActivityView.m; sourceTree = "<group>"; };
		AAE7413E14757AC400E71161 /* UIView+CBUIKit.h */ = {isa = PBXFileReference; fileEncoding = 4; lastKnownFileType = sourcecode.objj.h; path = "UIView+CBUIKit.h"; sourceTree = "<group>"; };
		AAE7413F14757AC400E71161 /* UIView+CBUIKit.m */ = {isa = PBXFileReference; fileEncoding = 4; lastKnownFileType = sourcecode.c.objc; path = "UIView+CBUIKit.m"; sourceTree = "<group>"; };
		AAE77FE613CAEDE8006D65BE /* UIGestureRecognizer+Blocks.h */ = {isa = PBXFileReference; fileEncoding = 4; lastKnownFileType = sourcecode.objj.h; path = "UIGestureRecognizer+Blocks.h"; sourceTree = "<group>"; };
		AAE77FE713CAEDE8006D65BE /* UIGestureRecognizer+Blocks.m */ = {isa = PBXFileReference; fileEncoding = 4; lastKnownFileType = sourcecode.c.objc; path = "UIGestureRecognizer+Blocks.m"; sourceTree = "<group>"; };
		AAED5FBA13C4511B005DD099 /* CBUIActionSheetController.h */ = {isa = PBXFileReference; fileEncoding = 4; lastKnownFileType = sourcecode.c.h; path = CBUIActionSheetController.h; sourceTree = "<group>"; };
		AAED5FBB13C4511B005DD099 /* CBUIActionSheetController.m */ = {isa = PBXFileReference; fileEncoding = 4; lastKnownFileType = sourcecode.c.objc; path = CBUIActionSheetController.m; sourceTree = "<group>"; };
		D2AAC07E0554694100DB518D /* libCBUIKit.a */ = {isa = PBXFileReference; explicitFileType = archive.ar; includeInIndex = 0; path = libCBUIKit.a; sourceTree = BUILT_PRODUCTS_DIR; };
/* End PBXFileReference section */

/* Begin PBXFrameworksBuildPhase section */
		D2AAC07C0554694100DB518D /* Frameworks */ = {
			isa = PBXFrameworksBuildPhase;
			buildActionMask = 2147483647;
			files = (
				AACBBE4A0F95108600F1A2B1 /* Foundation.framework in Frameworks */,
				AA19FDF812FAED4B000306DB /* CoreData.framework in Frameworks */,
			);
			runOnlyForDeploymentPostprocessing = 0;
		};
/* End PBXFrameworksBuildPhase section */

/* Begin PBXGroup section */
		034768DFFF38A50411DB9C8B /* Products */ = {
			isa = PBXGroup;
			children = (
				D2AAC07E0554694100DB518D /* libCBUIKit.a */,
			);
			name = Products;
			sourceTree = "<group>";
		};
		0867D691FE84028FC02AAC07 /* CBUIKit */ = {
			isa = PBXGroup;
			children = (
				08FB77AEFE84172EC02AAC07 /* Classes */,
				32C88DFF0371C24200C91783 /* Other Sources */,
				0867D69AFE84028FC02AAC07 /* Frameworks */,
				034768DFFF38A50411DB9C8B /* Products */,
			);
			name = CBUIKit;
			sourceTree = "<group>";
		};
		0867D69AFE84028FC02AAC07 /* Frameworks */ = {
			isa = PBXGroup;
			children = (
				AACBBE490F95108600F1A2B1 /* Foundation.framework */,
				AA19FDF712FAED4B000306DB /* CoreData.framework */,
			);
			name = Frameworks;
			sourceTree = "<group>";
		};
		08FB77AEFE84172EC02AAC07 /* Classes */ = {
			isa = PBXGroup;
			children = (
				AAE7413C14757AAB00E71161 /* Extensions */,
				AAB2EF7213B8776A004A1C64 /* CBUIKit.h */,
				AA19FDBE12FAECAF000306DB /* CBUIGlobal.h */,
				AA19FDBD12FAECAF000306DB /* CBUIGlobal.m */,
				AAE528001326688E0026317D /* CBUIViewController.h */,
				AAE528011326688E0026317D /* CBUIViewController.m */,
				AA7A21601442F487000FD1A1 /* Fixes */,
				AA19FDCB12FAECAF000306DB /* TableView */,
				AA19FDC412FAECAF000306DB /* Grid View */,
				AA19FDBF12FAECAF000306DB /* Image */,
				AA7DC0A413BA0AF60069CC3A /* Label */,
				AA19FDD312FAECAF000306DB /* CBUITabView.h */,
				AA19FDD412FAECAF000306DB /* CBUITabView.m */,
				AA19FDD512FAECAF000306DB /* CBUIPanelView.h */,
				AA19FDD612FAECAF000306DB /* CBUIPanelView.m */,
				AA19FDD712FAECAF000306DB /* CBUIDisclosureTriangle.h */,
				AA19FDD812FAECAF000306DB /* CBUIDisclosureTriangle.m */,
				AAE52B7E13279D9F0026317D /* System */,
				AA7DC0AD13BA1C0A0069CC3A /* CBNSAttributedString+DokuWiki.h */,
				AA7DC0AE13BA1C0A0069CC3A /* CBNSAttributedString+DokuWiki.m */,
				AAE5532913C351E90011DD4D /* CBUIActivityView.h */,
				AAE5532A13C351E90011DD4D /* CBUIActivityView.m */,
				AAED5FBA13C4511B005DD099 /* CBUIActionSheetController.h */,
				AAED5FBB13C4511B005DD099 /* CBUIActionSheetController.m */,
				AA95A73113E9BEF9003B77C4 /* CBUIAlertViewController.h */,
				AA95A73213E9BEF9003B77C4 /* CBUIAlertViewController.m */,
				AAE77FE613CAEDE8006D65BE /* UIGestureRecognizer+Blocks.h */,
				AAE77FE713CAEDE8006D65BE /* UIGestureRecognizer+Blocks.m */,
				AAA0E77114223523000476B6 /* CBUICircularProgressView.h */,
				AAA0E77214223523000476B6 /* CBUICircularProgressView.m */,
				AA943C98145020A900912E34 /* NSObject+CBBinding.h */,
				AA943C99145020A900912E34 /* NSObject+CBBinding.m */,
				AA8B7AB4146A6349009940AE /* Layout */,
			);
			path = Classes;
			sourceTree = "<group>";
		};
		32C88DFF0371C24200C91783 /* Other Sources */ = {
			isa = PBXGroup;
			children = (
				AA747D9E0F9514B9006C5449 /* CBUIKit_Prefix.pch */,
			);
			name = "Other Sources";
			sourceTree = "<group>";
		};
		AA19FDBF12FAECAF000306DB /* Image */ = {
			isa = PBXGroup;
			children = (
				AA19FDC012FAECAF000306DB /* CBUIImagePagingScrollView.h */,
				AA19FDC112FAECAF000306DB /* CBUIImagePagingScrollView.m */,
				AA19FDC212FAECAF000306DB /* CBUISlideshowImagesPagingScrollView.h */,
				AA19FDC312FAECAF000306DB /* CBUISlideshowImagesPagingScrollView.m */,
			);
			name = Image;
			sourceTree = "<group>";
		};
		AA19FDC412FAECAF000306DB /* Grid View */ = {
			isa = PBXGroup;
			children = (
				AA19FDC512FAECAF000306DB /* CBUIGridView.h */,
				AA19FDC612FAECAF000306DB /* CBUIGridView.m */,
				AA19FDC712FAECAF000306DB /* CBUIGridViewDataSource.h */,
				AA19FDC812FAECAF000306DB /* CBUIGridViewDataSource.m */,
				AA19FDC912FAECAF000306DB /* CBUIGridViewFetchRequestDataSource.h */,
				AA19FDCA12FAECAF000306DB /* CBUIGridViewFetchRequestDataSource.m */,
			);
			name = "Grid View";
			sourceTree = "<group>";
		};
		AA19FDCB12FAECAF000306DB /* TableView */ = {
			isa = PBXGroup;
			children = (
				AAE527F5132668550026317D /* CBUITableViewController.h */,
				AAE527F6132668550026317D /* CBUITableViewController.m */,
				AAE527F0132667F10026317D /* DataSource */,
				AA19FDCC12FAECAF000306DB /* Cells */,
			);
			name = TableView;
			sourceTree = "<group>";
		};
		AA19FDCC12FAECAF000306DB /* Cells */ = {
			isa = PBXGroup;
			children = (
				AA19FDCD12FAECAF000306DB /* CBUITableViewCellFactory.h */,
				AA19FDCE12FAECAF000306DB /* CBUITableViewCellFactory.m */,
				AA54982814C4168200219135 /* CBUITableViewCells.h */,
				AA54982914C4168200219135 /* CBUITableViewCells.m */,
			);
			name = Cells;
			sourceTree = "<group>";
		};
		AA7A21601442F487000FD1A1 /* Fixes */ = {
			isa = PBXGroup;
			children = (
				AA7A215B1442F481000FD1A1 /* SafeFetchedResultsController.h */,
				AA7A215C1442F481000FD1A1 /* SafeFetchedResultsController.m */,
			);
			name = Fixes;
			sourceTree = "<group>";
		};
		AA7DC0A413BA0AF60069CC3A /* Label */ = {
			isa = PBXGroup;
			children = (
				AA7DC0A513BA0B350069CC3A /* CBUIAttributedLabel.h */,
				AA7DC0A613BA0B350069CC3A /* CBUIAttributedLabel.m */,
			);
			name = Label;
			sourceTree = "<group>";
		};
		AA8B7AB4146A6349009940AE /* Layout */ = {
			isa = PBXGroup;
			children = (
				AA1FDD331469D24D006D2B2B /* CBUISpringLayoutView.h */,
				AA1FDD341469D24D006D2B2B /* CBUISpringLayoutView.m */,
				AA1FDD381469D27F006D2B2B /* CBUISpring.h */,
				AA1FDD391469D27F006D2B2B /* CBUISpring.m */,
				AA8469FE146BC47B0038F3D5 /* CBUIHorizontalLayoutView.h */,
				AA8469FF146BC47B0038F3D5 /* CBUIHorizontalLayoutView.m */,
				AA8B7AB5146A638B009940AE /* CBUIVerticalLayoutView.h */,
				AA8B7AB6146A638B009940AE /* CBUIVerticalLayoutView.m */,
			);
			name = Layout;
			sourceTree = "<group>";
		};
		AAE527F0132667F10026317D /* DataSource */ = {
			isa = PBXGroup;
			children = (
				AA19FDCF12FAECAF000306DB /* CBUITableViewDataSource.h */,
				AA19FDD012FAECAF000306DB /* CBUITableViewDataSource.m */,
				AA19FDD112FAECAF000306DB /* CBUIFetchResultsDataSource.h */,
				AA19FDD212FAECAF000306DB /* CBUIFetchResultsDataSource.m */,
				AA7944651487FD56004F05E2 /* CBUIFetchResultsReorderDataSource.h */,
				AA7944661487FD56004F05E2 /* CBUIFetchResultsReorderDataSource.m */,
			);
			name = DataSource;
			sourceTree = "<group>";
		};
		AAE52B7E13279D9F0026317D /* System */ = {
			isa = PBXGroup;
			children = (
				AAE52B7F13279DAD0026317D /* UIDevice+Machine.h */,
				AAE52B8013279DAD0026317D /* UIDevice+Machine.m */,
			);
			name = System;
			sourceTree = "<group>";
		};
		AAE7413C14757AAB00E71161 /* Extensions */ = {
			isa = PBXGroup;
			children = (
				AAE7413E14757AC400E71161 /* UIView+CBUIKit.h */,
				AAE7413F14757AC400E71161 /* UIView+CBUIKit.m */,
			);
			name = Extensions;
			sourceTree = "<group>";
		};
/* End PBXGroup section */

/* Begin PBXHeadersBuildPhase section */
		D2AAC07A0554694100DB518D /* Headers */ = {
			isa = PBXHeadersBuildPhase;
			buildActionMask = 2147483647;
			files = (
				AAB2EF7513B87DC3004A1C64 /* CBUIKit.h in Headers */,
				AA19FDDA12FAECAF000306DB /* CBUIGlobal.h in Headers */,
				AA943C9A145020A900912E34 /* NSObject+CBBinding.h in Headers */,
				AA19FDDB12FAECAF000306DB /* CBUIImagePagingScrollView.h in Headers */,
				AA19FDDD12FAECAF000306DB /* CBUISlideshowImagesPagingScrollView.h in Headers */,
				AA19FDDF12FAECAF000306DB /* CBUIGridView.h in Headers */,
				AA19FDE112FAECAF000306DB /* CBUIGridViewDataSource.h in Headers */,
				AA19FDE312FAECAF000306DB /* CBUIGridViewFetchRequestDataSource.h in Headers */,
				AA19FDE512FAECAF000306DB /* CBUITableViewCellFactory.h in Headers */,
				AA19FDE712FAECAF000306DB /* CBUITableViewDataSource.h in Headers */,
				AA19FDE912FAECAF000306DB /* CBUIFetchResultsDataSource.h in Headers */,
				AAE527F7132668550026317D /* CBUITableViewController.h in Headers */,
				AAE528021326688E0026317D /* CBUIViewController.h in Headers */,
				AAE52B8113279DAD0026317D /* UIDevice+Machine.h in Headers */,
				AA19FDEB12FAECAF000306DB /* CBUITabView.h in Headers */,
				AA19FDED12FAECAF000306DB /* CBUIPanelView.h in Headers */,
				AA7944671487FD56004F05E2 /* CBUIFetchResultsReorderDataSource.h in Headers */,
				AA19FDEF12FAECAF000306DB /* CBUIDisclosureTriangle.h in Headers */,
				AA7DC0A713BA0B350069CC3A /* CBUIAttributedLabel.h in Headers */,
				AA7DC0AF13BA1C0A0069CC3A /* CBNSAttributedString+DokuWiki.h in Headers */,
				AAED5FBC13C4511B005DD099 /* CBUIActionSheetController.h in Headers */,
				AAE77FFE13CAF0E5006D65BE /* UIGestureRecognizer+Blocks.h in Headers */,
				AA95A73313E9BEF9003B77C4 /* CBUIAlertViewController.h in Headers */,
				AA78537F1456A92800598FEF /* SafeFetchedResultsController.h in Headers */,
				AA8B7AB9146A7561009940AE /* CBUIVerticalLayoutView.h in Headers */,
				AA846A03146BC9650038F3D5 /* CBUIHorizontalLayoutView.h in Headers */,
				AA0F870D14161E7B0005A176 /* CBUIActivityView.h in Headers */,
				AAA0E776142239F8000476B6 /* CBUICircularProgressView.h in Headers */,
				AAE7414214757B3600E71161 /* UIView+CBUIKit.h in Headers */,
				AA54982D14C4184B00219135 /* CBUITableViewCells.h in Headers */,
				AA1FDD351469D24D006D2B2B /* CBUISpringLayoutView.h in Headers */,
				AA1FDD3A1469D280006D2B2B /* CBUISpring.h in Headers */,
			);
			runOnlyForDeploymentPostprocessing = 0;
		};
/* End PBXHeadersBuildPhase section */

/* Begin PBXNativeTarget section */
		D2AAC07D0554694100DB518D /* CBUIKit */ = {
			isa = PBXNativeTarget;
			buildConfigurationList = 1DEB921E08733DC00010E9CD /* Build configuration list for PBXNativeTarget "CBUIKit" */;
			buildPhases = (
				D2AAC07A0554694100DB518D /* Headers */,
				D2AAC07B0554694100DB518D /* Sources */,
				D2AAC07C0554694100DB518D /* Frameworks */,
			);
			buildRules = (
			);
			dependencies = (
			);
			name = CBUIKit;
			productName = CBUIKit;
			productReference = D2AAC07E0554694100DB518D /* libCBUIKit.a */;
			productType = "com.apple.product-type.library.static";
		};
/* End PBXNativeTarget section */

/* Begin PBXProject section */
		0867D690FE84028FC02AAC07 /* Project object */ = {
			isa = PBXProject;
			attributes = {
				LastUpgradeCheck = 0420;
			};
			buildConfigurationList = 1DEB922208733DC00010E9CD /* Build configuration list for PBXProject "CBUIKit" */;
			compatibilityVersion = "Xcode 3.2";
			developmentRegion = English;
			hasScannedForEncodings = 1;
			knownRegions = (
				English,
				Japanese,
				French,
				German,
			);
			mainGroup = 0867D691FE84028FC02AAC07 /* CBUIKit */;
			productRefGroup = 034768DFFF38A50411DB9C8B /* Products */;
			projectDirPath = "";
			projectRoot = "";
			targets = (
				D2AAC07D0554694100DB518D /* CBUIKit */,
			);
		};
/* End PBXProject section */

/* Begin PBXSourcesBuildPhase section */
		D2AAC07B0554694100DB518D /* Sources */ = {
			isa = PBXSourcesBuildPhase;
			buildActionMask = 2147483647;
			files = (
				AA19FDD912FAECAF000306DB /* CBUIGlobal.m in Sources */,
				AA19FDDC12FAECAF000306DB /* CBUIImagePagingScrollView.m in Sources */,
				AA19FDDE12FAECAF000306DB /* CBUISlideshowImagesPagingScrollView.m in Sources */,
				AA19FDE012FAECAF000306DB /* CBUIGridView.m in Sources */,
				AA19FDE212FAECAF000306DB /* CBUIGridViewDataSource.m in Sources */,
				AA19FDE412FAECAF000306DB /* CBUIGridViewFetchRequestDataSource.m in Sources */,
				AA19FDE612FAECAF000306DB /* CBUITableViewCellFactory.m in Sources */,
				AA19FDE812FAECAF000306DB /* CBUITableViewDataSource.m in Sources */,
				AA19FDEA12FAECAF000306DB /* CBUIFetchResultsDataSource.m in Sources */,
				AA19FDEC12FAECAF000306DB /* CBUITabView.m in Sources */,
				AA19FDEE12FAECAF000306DB /* CBUIPanelView.m in Sources */,
				AA19FDF012FAECAF000306DB /* CBUIDisclosureTriangle.m in Sources */,
				AAE527F8132668550026317D /* CBUITableViewController.m in Sources */,
				AAE528031326688E0026317D /* CBUIViewController.m in Sources */,
				AAE52B8213279DAD0026317D /* UIDevice+Machine.m in Sources */,
				AA7DC0A813BA0B350069CC3A /* CBUIAttributedLabel.m in Sources */,
				AA7DC0B013BA1C0A0069CC3A /* CBNSAttributedString+DokuWiki.m in Sources */,
				AAE5532C13C351E90011DD4D /* CBUIActivityView.m in Sources */,
				AAED5FBD13C4511B005DD099 /* CBUIActionSheetController.m in Sources */,
				AAE77FE913CAEDE8006D65BE /* UIGestureRecognizer+Blocks.m in Sources */,
				AA95A73413E9BEF9003B77C4 /* CBUIAlertViewController.m in Sources */,
				AAA0E77414223523000476B6 /* CBUICircularProgressView.m in Sources */,
				AA7A215E1442F481000FD1A1 /* SafeFetchedResultsController.m in Sources */,
				AA943C9B145020A900912E34 /* NSObject+CBBinding.m in Sources */,
				AA1FDD361469D24D006D2B2B /* CBUISpringLayoutView.m in Sources */,
				AA1FDD3B1469D280006D2B2B /* CBUISpring.m in Sources */,
				AA8B7AB8146A638B009940AE /* CBUIVerticalLayoutView.m in Sources */,
				AA846A01146BC47B0038F3D5 /* CBUIHorizontalLayoutView.m in Sources */,
				AAE7414114757AC400E71161 /* UIView+CBUIKit.m in Sources */,
				AA7944681487FD56004F05E2 /* CBUIFetchResultsReorderDataSource.m in Sources */,
				AA54982A14C4168200219135 /* CBUITableViewCells.h in Sources */,
				AA54982B14C4168200219135 /* CBUITableViewCells.m in Sources */,
			);
			runOnlyForDeploymentPostprocessing = 0;
		};
/* End PBXSourcesBuildPhase section */

/* Begin XCBuildConfiguration section */
		1DEB921F08733DC00010E9CD /* Debug */ = {
			isa = XCBuildConfiguration;
			buildSettings = {
				ALWAYS_SEARCH_USER_PATHS = NO;
				ARCHS = "$(ARCHS_STANDARD_32_BIT)";
				COPY_PHASE_STRIP = NO;
				DSTROOT = /tmp/CBUIKit.dst;
				GCC_DYNAMIC_NO_PIC = NO;
				GCC_MODEL_TUNING = G5;
				GCC_OPTIMIZATION_LEVEL = 0;
				GCC_PRECOMPILE_PREFIX_HEADER = YES;
				GCC_PREFIX_HEADER = CBUIKit_Prefix.pch;
				PRODUCT_NAME = CBUIKit;
				PUBLIC_HEADERS_FOLDER_PATH = "$(PRODUCT_NAME)";
				SKIP_INSTALL = YES;
			};
			name = Debug;
		};
		1DEB922008733DC00010E9CD /* Release */ = {
			isa = XCBuildConfiguration;
			buildSettings = {
				ALWAYS_SEARCH_USER_PATHS = NO;
				ARCHS = "$(ARCHS_STANDARD_32_BIT)";
				DSTROOT = /tmp/CBUIKit.dst;
				GCC_MODEL_TUNING = G5;
				GCC_PRECOMPILE_PREFIX_HEADER = YES;
				GCC_PREFIX_HEADER = CBUIKit_Prefix.pch;
				PRODUCT_NAME = CBUIKit;
				PUBLIC_HEADERS_FOLDER_PATH = "$(PRODUCT_NAME)";
				SKIP_INSTALL = YES;
			};
			name = Release;
		};
		1DEB922308733DC00010E9CD /* Debug */ = {
			isa = XCBuildConfiguration;
			buildSettings = {
				ARCHS = "$(ARCHS_STANDARD_32_BIT)";
				GCC_C_LANGUAGE_STANDARD = c99;
				GCC_OPTIMIZATION_LEVEL = 0;
				GCC_VERSION = "";
				GCC_WARN_ABOUT_RETURN_TYPE = YES;
				GCC_WARN_UNUSED_VARIABLE = YES;
				ONLY_ACTIVE_ARCH = YES;
				OTHER_LDFLAGS = "-ObjC";
				SDKROOT = iphoneos;
			};
			name = Debug;
		};
		1DEB922408733DC00010E9CD /* Release */ = {
			isa = XCBuildConfiguration;
			buildSettings = {
				ARCHS = "$(ARCHS_STANDARD_32_BIT)";
				GCC_C_LANGUAGE_STANDARD = c99;
				GCC_VERSION = "";
				GCC_WARN_ABOUT_RETURN_TYPE = YES;
				GCC_WARN_UNUSED_VARIABLE = YES;
				ONLY_ACTIVE_ARCH = YES;
				OTHER_LDFLAGS = "-ObjC";
				SDKROOT = iphoneos;
			};
			name = Release;
		};
/* End XCBuildConfiguration section */

/* Begin XCConfigurationList section */
		1DEB921E08733DC00010E9CD /* Build configuration list for PBXNativeTarget "CBUIKit" */ = {
			isa = XCConfigurationList;
			buildConfigurations = (
				1DEB921F08733DC00010E9CD /* Debug */,
				1DEB922008733DC00010E9CD /* Release */,
			);
			defaultConfigurationIsVisible = 0;
			defaultConfigurationName = Release;
		};
		1DEB922208733DC00010E9CD /* Build configuration list for PBXProject "CBUIKit" */ = {
			isa = XCConfigurationList;
			buildConfigurations = (
				1DEB922308733DC00010E9CD /* Debug */,
				1DEB922408733DC00010E9CD /* Release */,
			);
			defaultConfigurationIsVisible = 0;
			defaultConfigurationName = Release;
		};
/* End XCConfigurationList section */
	};
	rootObject = 0867D690FE84028FC02AAC07 /* Project object */;
}
